
Microsoft Visual Studio Solution File, Format Version 12.00
# Visual Studio 14
VisualStudioVersion = 14.0.25420.1
MinimumVisualStudioVersion = 10.0.40219.1
Project("{FAE04EC0-301F-11D3-BF4B-00C04F79EFBC}") = "DatabaseFirst.Importer", "DatabaseFirst.Importer\DatabaseFirst.Importer.csproj", "{A7F4369D-CB7B-48B6-8BA8-85DEA7C43AEC}"
EndProject
Project("{FAE04EC0-301F-11D3-BF4B-00C04F79EFBC}") = "DatabaseFirst.ConsoleClient", "DatabaseFirst.ConsoleClient\DatabaseFirst.ConsoleClient.csproj", "{423E9667-BB69-4875-9DD4-431277A9AC55}"
EndProject
Project("{FAE04EC0-301F-11D3-BF4B-00C04F79EFBC}") = "DatabaseFirst.Common", "DatabaseFirst.Common\DatabaseFirst.Common.csproj", "{F03B45D7-FEBB-46C4-A0C8-850944561EDD}"
EndProject
Project("{FAE04EC0-301F-11D3-BF4B-00C04F79EFBC}") = "DatabaseFirst.Data", "DatabaseFirst.Data\DatabaseFirst.Data.csproj", "{0D13C56E-897D-4466-A362-DA6C4322472D}"
EndProject
Global
	GlobalSection(SolutionConfigurationPlatforms) = preSolution
		Debug|Any CPU = Debug|Any CPU
		Release|Any CPU = Release|Any CPU
	EndGlobalSection
	GlobalSection(ProjectConfigurationPlatforms) = postSolution
		{A7F4369D-CB7B-48B6-8BA8-85DEA7C43AEC}.Debug|Any CPU.ActiveCfg = Debug|Any CPU
		{A7F4369D-CB7B-48B6-8BA8-85DEA7C43AEC}.Debug|Any CPU.Build.0 = Debug|Any CPU
		{A7F4369D-CB7B-48B6-8BA8-85DEA7C43AEC}.Release|Any CPU.ActiveCfg = Release|Any CPU
		{A7F4369D-CB7B-48B6-8BA8-85DEA7C43AEC}.Release|Any CPU.Build.0 = Release|Any CPU
		{423E9667-BB69-4875-9DD4-431277A9AC55}.Debug|Any CPU.ActiveCfg = Debug|Any CPU
		{423E9667-BB69-4875-9DD4-431277A9AC55}.Debug|Any CPU.Build.0 = Debug|Any CPU
		{423E9667-BB69-4875-9DD4-431277A9AC55}.Release|Any CPU.ActiveCfg = Release|Any CPU
		{423E9667-BB69-4875-9DD4-431277A9AC55}.Release|Any CPU.Build.0 = Release|Any CPU
		{F03B45D7-FEBB-46C4-A0C8-850944561EDD}.Debug|Any CPU.ActiveCfg = Debug|Any CPU
		{F03B45D7-FEBB-46C4-A0C8-850944561EDD}.Debug|Any CPU.Build.0 = Debug|Any CPU
		{F03B45D7-FEBB-46C4-A0C8-850944561EDD}.Release|Any CPU.ActiveCfg = Release|Any CPU
		{F03B45D7-FEBB-46C4-A0C8-850944561EDD}.Release|Any CPU.Build.0 = Release|Any CPU
		{0D13C56E-897D-4466-A362-DA6C4322472D}.Debug|Any CPU.ActiveCfg = Debug|Any CPU
		{0D13C56E-897D-4466-A362-DA6C4322472D}.Debug|Any CPU.Build.0 = Debug|Any CPU
		{0D13C56E-897D-4466-A362-DA6C4322472D}.Release|Any CPU.ActiveCfg = Release|Any CPU
		{0D13C56E-897D-4466-A362-DA6C4322472D}.Release|Any CPU.Build.0 = Release|Any CPU
	EndGlobalSection
	GlobalSection(SolutionProperties) = preSolution
		HideSolutionNode = FALSE
	EndGlobalSection
EndGlobal
