
Microsoft Visual Studio Solution File, Format Version 12.00
# Visual Studio 14
VisualStudioVersion = 14.0.25123.0
MinimumVisualStudioVersion = 10.0.40219.1
Project("{FAE04EC0-301F-11D3-BF4B-00C04F79EFBC}") = "Poker", "Poker.cs\Poker.csproj", "{7ADB3085-7914-4442-A564-829F27001C79}"
EndProject
Project("{FAE04EC0-301F-11D3-BF4B-00C04F79EFBC}") = "PokerTests", "PokerTests\PokerTests.csproj", "{20223436-7D91-4B5B-B6FF-B128B59D857A}"
EndProject
Global
	GlobalSection(SolutionConfigurationPlatforms) = preSolution
		Debug|Any CPU = Debug|Any CPU
		Release|Any CPU = Release|Any CPU
	EndGlobalSection
	GlobalSection(ProjectConfigurationPlatforms) = postSolution
		{7ADB3085-7914-4442-A564-829F27001C79}.Debug|Any CPU.ActiveCfg = Debug|Any CPU
		{7ADB3085-7914-4442-A564-829F27001C79}.Debug|Any CPU.Build.0 = Debug|Any CPU
		{7ADB3085-7914-4442-A564-829F27001C79}.Release|Any CPU.ActiveCfg = Release|Any CPU
		{7ADB3085-7914-4442-A564-829F27001C79}.Release|Any CPU.Build.0 = Release|Any CPU
		{20223436-7D91-4B5B-B6FF-B128B59D857A}.Debug|Any CPU.ActiveCfg = Debug|Any CPU
		{20223436-7D91-4B5B-B6FF-B128B59D857A}.Debug|Any CPU.Build.0 = Debug|Any CPU
		{20223436-7D91-4B5B-B6FF-B128B59D857A}.Release|Any CPU.ActiveCfg = Release|Any CPU
		{20223436-7D91-4B5B-B6FF-B128B59D857A}.Release|Any CPU.Build.0 = Release|Any CPU
	EndGlobalSection
	GlobalSection(SolutionProperties) = preSolution
		HideSolutionNode = FALSE
	EndGlobalSection
EndGlobal
