
Microsoft Visual Studio Solution File, Format Version 12.00
# Visual Studio 14
VisualStudioVersion = 14.0.24720.0
MinimumVisualStudioVersion = 10.0.40219.1
Project("{FAE04EC0-301F-11D3-BF4B-00C04F79EFBC}") = "QuotesInStrings", "Hexadecimal Variable\QuotesInStrings.csproj", "{B52C8920-3AE7-48F1-9B3D-9FBB2804F1DD}"
EndProject
Project("{FAE04EC0-301F-11D3-BF4B-00C04F79EFBC}") = "IsoscelesTriangle", "IsoscelesTriangle\IsoscelesTriangle.csproj", "{056E3223-73EE-48C6-8652-F9211EF1386A}"
EndProject
Project("{FAE04EC0-301F-11D3-BF4B-00C04F79EFBC}") = "ComparingFloats", "ComparingFloats\ComparingFloats.csproj", "{516FE0E6-4947-463B-9231-B4CE77C5FFD1}"
EndProject
Project("{FAE04EC0-301F-11D3-BF4B-00C04F79EFBC}") = "PrintASCIITable", "PrintASCIITable\PrintASCIITable.csproj", "{C91816DE-8580-4CE7-B424-180C9B924071}"
EndProject
Global
	GlobalSection(SolutionConfigurationPlatforms) = preSolution
		Debug|Any CPU = Debug|Any CPU
		Release|Any CPU = Release|Any CPU
	EndGlobalSection
	GlobalSection(ProjectConfigurationPlatforms) = postSolution
		{B52C8920-3AE7-48F1-9B3D-9FBB2804F1DD}.Debug|Any CPU.ActiveCfg = Debug|Any CPU
		{B52C8920-3AE7-48F1-9B3D-9FBB2804F1DD}.Debug|Any CPU.Build.0 = Debug|Any CPU
		{B52C8920-3AE7-48F1-9B3D-9FBB2804F1DD}.Release|Any CPU.ActiveCfg = Release|Any CPU
		{B52C8920-3AE7-48F1-9B3D-9FBB2804F1DD}.Release|Any CPU.Build.0 = Release|Any CPU
		{056E3223-73EE-48C6-8652-F9211EF1386A}.Debug|Any CPU.ActiveCfg = Debug|Any CPU
		{056E3223-73EE-48C6-8652-F9211EF1386A}.Debug|Any CPU.Build.0 = Debug|Any CPU
		{056E3223-73EE-48C6-8652-F9211EF1386A}.Release|Any CPU.ActiveCfg = Release|Any CPU
		{056E3223-73EE-48C6-8652-F9211EF1386A}.Release|Any CPU.Build.0 = Release|Any CPU
		{516FE0E6-4947-463B-9231-B4CE77C5FFD1}.Debug|Any CPU.ActiveCfg = Debug|Any CPU
		{516FE0E6-4947-463B-9231-B4CE77C5FFD1}.Debug|Any CPU.Build.0 = Debug|Any CPU
		{516FE0E6-4947-463B-9231-B4CE77C5FFD1}.Release|Any CPU.ActiveCfg = Release|Any CPU
		{516FE0E6-4947-463B-9231-B4CE77C5FFD1}.Release|Any CPU.Build.0 = Release|Any CPU
		{C91816DE-8580-4CE7-B424-180C9B924071}.Debug|Any CPU.ActiveCfg = Debug|Any CPU
		{C91816DE-8580-4CE7-B424-180C9B924071}.Debug|Any CPU.Build.0 = Debug|Any CPU
		{C91816DE-8580-4CE7-B424-180C9B924071}.Release|Any CPU.ActiveCfg = Release|Any CPU
		{C91816DE-8580-4CE7-B424-180C9B924071}.Release|Any CPU.Build.0 = Release|Any CPU
	EndGlobalSection
	GlobalSection(SolutionProperties) = preSolution
		HideSolutionNode = FALSE
	EndGlobalSection
EndGlobal
